<?xml version="1.0" encoding="utf-8"?>
<Project ToolsVersion="4.0" xmlns="http://schemas.microsoft.com/developer/msbuild/2003">
  <ItemGroup>
    <Filter Include="Source Files">
      <UniqueIdentifier>{4FC737F1-C7A5-4376-A066-2A32D752A2FF}</UniqueIdentifier>
      <Extensions>cpp;c;cc;cxx;def;odl;idl;hpj;bat;asm;asmx</Extensions>
    </Filter>
    <Filter Include="Header Files">
      <UniqueIdentifier>{93995380-89BD-4b04-88EB-625FBE52EBFB}</UniqueIdentifier>
      <Extensions>h;hpp;hxx;hm;inl;inc;xsd</Extensions>
    </Filter>
    <Filter Include="Resource Files">
      <UniqueIdentifier>{67DA6AB6-F800-4c08-8B7A-83BB121AAD01}</UniqueIdentifier>
      <Extensions>rc;ico;cur;bmp;dlg;rc2;rct;bin;rgs;gif;jpg;jpeg;jpe;resx;tiff;tif;png;wav;mfcribbon-ms</Extensions>
    </Filter>
    <Filter Include="Shaders">
      <UniqueIdentifier>{18421bba-ce80-45b3-9992-d2ffe68365ab}</UniqueIdentifier>
      <Extensions>hlsl</Extensions>
    </Filter>
    <Filter Include="Z80">
      <UniqueIdentifier>{c326e229-1f2e-45cb-be64-2c45c7551374}</UniqueIdentifier>
    </Filter>
    <Filter Include="OpenVR">
      <UniqueIdentifier>{cf13bfe0-1040-4210-9d3d-6b354cc9c150}</UniqueIdentifier>
    </Filter>
  </ItemGroup>
  <ItemGroup>
    <ClCompile Include="z80\Z80.c">
      <Filter>Z80</Filter>
    </ClCompile>
    <ClCompile Include="src\Animate.cpp">
      <Filter>Source Files</Filter>
    </ClCompile>
    <ClCompile Include="src\Application.cpp">
      <Filter>Source Files</Filter>
    </ClCompile>
    <ClCompile Include="src\Audio.cpp">
      <Filter>Source Files</Filter>
    </ClCompile>
    <ClCompile Include="src\Augmentinel.cpp">
      <Filter>Source Files</Filter>
    </ClCompile>
    <ClCompile Include="src\Camera.cpp">
      <Filter>Source Files</Filter>
    </ClCompile>
    <ClCompile Include="src\FlatView.cpp">
      <Filter>Source Files</Filter>
    </ClCompile>
    <ClCompile Include="src\main.cpp">
      <Filter>Source Files</Filter>
    </ClCompile>
    <ClCompile Include="src\Model.cpp">
      <Filter>Source Files</Filter>
    </ClCompile>
    <ClCompile Include="src\OpenVR.cpp">
      <Filter>Source Files</Filter>
    </ClCompile>
    <ClCompile Include="src\Settings.cpp">
      <Filter>Source Files</Filter>
    </ClCompile>
    <ClCompile Include="src\Spectrum.cpp">
      <Filter>Source Files</Filter>
    </ClCompile>
    <ClCompile Include="src\stdafx.cpp">
      <Filter>Source Files</Filter>
    </ClCompile>
    <ClCompile Include="src\Utils.cpp">
      <Filter>Source Files</Filter>
    </ClCompile>
    <ClCompile Include="src\View.cpp">
      <Filter>Source Files</Filter>
    </ClCompile>
    <ClCompile Include="src\VRView.cpp">
      <Filter>Source Files</Filter>
    </ClCompile>
  </ItemGroup>
  <ItemGroup>
    <FxCompile Include="shaders\Effect_PS.hlsl">
      <Filter>Shaders</Filter>
    </FxCompile>
    <FxCompile Include="shaders\Effect_VS.hlsl">
      <Filter>Shaders</Filter>
    </FxCompile>
    <FxCompile Include="shaders\Mirror_PS.hlsl">
      <Filter>Shaders</Filter>
    </FxCompile>
    <FxCompile Include="shaders\Mirror_VS.hlsl">
      <Filter>Shaders</Filter>
    </FxCompile>
    <FxCompile Include="shaders\OpenVR_PS.hlsl">
      <Filter>Shaders</Filter>
    </FxCompile>
    <FxCompile Include="shaders\OpenVR_VS.hlsl">
      <Filter>Shaders</Filter>
    </FxCompile>
    <FxCompile Include="shaders\Sentinel_PS.hlsl">
      <Filter>Shaders</Filter>
    </FxCompile>
    <FxCompile Include="shaders\Sentinel_VS.hlsl">
      <Filter>Shaders</Filter>
    </FxCompile>
    <FxCompile Include="shaders\Pointer_PS.hlsl">
      <Filter>Shaders</Filter>
    </FxCompile>
    <FxCompile Include="shaders\Pointer_VS.hlsl">
      <Filter>Shaders</Filter>
    </FxCompile>
  </ItemGroup>
  <ItemGroup>
    <ClInclude Include="z80\Z80.h">
      <Filter>Z80</Filter>
    </ClInclude>
    <ClInclude Include="z80\Z80-support.h">
      <Filter>Z80</Filter>
    </ClInclude>
    <ClInclude Include="src\Action.h">
      <Filter>Header Files</Filter>
    </ClInclude>
    <ClInclude Include="src\Animate.h">
      <Filter>Header Files</Filter>
    </ClInclude>
    <ClInclude Include="src\Application.h">
      <Filter>Header Files</Filter>
    </ClInclude>
    <ClInclude Include="src\Audio.h">
      <Filter>Header Files</Filter>
    </ClInclude>
    <ClInclude Include="src\BufferHeap.h">
      <Filter>Header Files</Filter>
    </ClInclude>
    <ClInclude Include="src\Camera.h">
      <Filter>Header Files</Filter>
    </ClInclude>
    <ClInclude Include="src\Game.h">
      <Filter>Header Files</Filter>
    </ClInclude>
    <ClInclude Include="src\Model.h">
      <Filter>Header Files</Filter>
    </ClInclude>
    <ClInclude Include="src\OpenVR.h">
      <Filter>Header Files</Filter>
    </ClInclude>
    <ClInclude Include="resources\resource.h">
      <Filter>Header Files</Filter>
    </ClInclude>
    <ClInclude Include="src\Settings.h">
      <Filter>Header Files</Filter>
    </ClInclude>
    <ClInclude Include="src\Augmentinel.h">
      <Filter>Header Files</Filter>
    </ClInclude>
    <ClInclude Include="src\SimpleHeap.h">
      <Filter>Header Files</Filter>
    </ClInclude>
    <ClInclude Include="src\StateTracker.h">
      <Filter>Header Files</Filter>
    </ClInclude>
    <ClInclude Include="src\targetver.h">
      <Filter>Header Files</Filter>
    </ClInclude>
    <ClInclude Include="src\Vertex.h">
      <Filter>Header Files</Filter>
    </ClInclude>
    <ClInclude Include="src\View.h">
      <Filter>Header Files</Filter>
    </ClInclude>
    <ClInclude Include="src\Sentinel.h">
      <Filter>Header Files</Filter>
    </ClInclude>
    <ClInclude Include="src\Spectrum.h">
      <Filter>Header Files</Filter>
    </ClInclude>
    <ClInclude Include="src\stdafx.h">
      <Filter>Header Files</Filter>
    </ClInclude>
    <ClInclude Include="src\Utils.h">
      <Filter>Header Files</Filter>
    </ClInclude>
    <ClInclude Include="src\FlatView.h">
      <Filter>Header Files</Filter>
    </ClInclude>
    <ClInclude Include="src\VRView.h">
      <Filter>Header Files</Filter>
    </ClInclude>
    <ClInclude Include="src\SharedConstants.h">
      <Filter>Header Files</Filter>
    </ClInclude>
  </ItemGroup>
  <ItemGroup>
    <ResourceCompile Include="resources\Augmentinel.rc">
      <Filter>Resource Files</Filter>
    </ResourceCompile>
  </ItemGroup>
  <ItemGroup>
    <Image Include="resources\augmentinel.ico">
      <Filter>Resource Files</Filter>
    </Image>
    <Image Include="resources\icon.bmp">
      <Filter>Resource Files</Filter>
    </Image>
    <Image Include="resources\icon.png">
      <Filter>Resource Files</Filter>
    </Image>
  </ItemGroup>
  <ItemGroup>
    <None Include="openvr\actions.json">
      <Filter>OpenVR</Filter>
    </None>
    <None Include="openvr\bindings_vive_controller.json">
      <Filter>OpenVR</Filter>
    </None>
    <None Include="openvr\bindings_oculus_touch.json">
      <Filter>OpenVR</Filter>
    </None>
    <None Include="openvr\bindings_knuckles.json">
      <Filter>OpenVR</Filter>
    </None>
    <None Include="ReadMe.md" />
    <None Include="48.rom" />
    <None Include="sentinel.sna" />
  </ItemGroup>
  <ItemGroup>
    <Manifest Include="resources\Custom.manifest">
      <Filter>Resource Files</Filter>
    </Manifest>
  </ItemGroup>
</Project>